// !$*UTF8*$!
{
	archiveVersion = 1;
	classes = {
	};
	objectVersion = 46;
	objects = {

/* Begin PBXBuildFile section */
		ADCC79301B51904D008DEDCA /* main.swift in Sources */ = {isa = PBXBuildFile; fileRef = ADCC792F1B51904D008DEDCA /* main.swift */; };
		ADF836FF1B571F59001257DE /* FileBean.swift in Sources */ = {isa = PBXBuildFile; fileRef = ADF836FE1B571F59001257DE /* FileBean.swift */; };
		ADF837011B571FD7001257DE /* FileDestination.swift in Sources */ = {isa = PBXBuildFile; fileRef = ADF837001B571FD7001257DE /* FileDestination.swift */; };
		ADF837031B571FEC001257DE /* FileMover.swift in Sources */ = {isa = PBXBuildFile; fileRef = ADF837021B571FEC001257DE /* FileMover.swift */; };
/* End PBXBuildFile section */

/* Begin PBXCopyFilesBuildPhase section */
		ADCC792A1B51904D008DEDCA /* CopyFiles */ = {
			isa = PBXCopyFilesBuildPhase;
			buildActionMask = 2147483647;
			dstPath = /usr/share/man/man1/;
			dstSubfolderSpec = 0;
			files = (
			);
			runOnlyForDeploymentPostprocessing = 1;
		};
/* End PBXCopyFilesBuildPhase section */

/* Begin PBXFileReference section */
		ADCC792C1B51904D008DEDCA /* Photo Organizer */ = {isa = PBXFileReference; explicitFileType = "compiled.mach-o.executable"; includeInIndex = 0; path = "Photo Organizer"; sourceTree = BUILT_PRODUCTS_DIR; };
		ADCC792F1B51904D008DEDCA /* main.swift */ = {isa = PBXFileReference; lastKnownFileType = sourcecode.swift; path = main.swift; sourceTree = "<group>"; };
		ADF836FE1B571F59001257DE /* FileBean.swift */ = {isa = PBXFileReference; fileEncoding = 4; lastKnownFileType = sourcecode.swift; path = FileBean.swift; sourceTree = "<group>"; };
		ADF837001B571FD7001257DE /* FileDestination.swift */ = {isa = PBXFileReference; fileEncoding = 4; lastKnownFileType = sourcecode.swift; path = FileDestination.swift; sourceTree = "<group>"; };
		ADF837021B571FEC001257DE /* FileMover.swift */ = {isa = PBXFileReference; fileEncoding = 4; lastKnownFileType = sourcecode.swift; path = FileMover.swift; sourceTree = "<group>"; };
/* End PBXFileReference section */

/* Begin PBXFrameworksBuildPhase section */
		ADCC79291B51904D008DEDCA /* Frameworks */ = {
			isa = PBXFrameworksBuildPhase;
			buildActionMask = 2147483647;
			files = (
			);
			runOnlyForDeploymentPostprocessing = 0;
		};
/* End PBXFrameworksBuildPhase section */

/* Begin PBXGroup section */
		ADCC79231B51904D008DEDCA = {
			isa = PBXGroup;
			children = (
				ADCC792E1B51904D008DEDCA /* Photo Organizer */,
				ADCC792D1B51904D008DEDCA /* Products */,
			);
			sourceTree = "<group>";
		};
		ADCC792D1B51904D008DEDCA /* Products */ = {
			isa = PBXGroup;
			children = (
				ADCC792C1B51904D008DEDCA /* Photo Organizer */,
			);
			name = Products;
			sourceTree = "<group>";
		};
		ADCC792E1B51904D008DEDCA /* Photo Organizer */ = {
			isa = PBXGroup;
			children = (
				ADCC792F1B51904D008DEDCA /* main.swift */,
				ADF837021B571FEC001257DE /* FileMover.swift */,
				ADF837001B571FD7001257DE /* FileDestination.swift */,
				ADF836FE1B571F59001257DE /* FileBean.swift */,
			);
			path = "Photo Organizer";
			sourceTree = "<group>";
		};
/* End PBXGroup section */

/* Begin PBXNativeTarget section */
		ADCC792B1B51904D008DEDCA /* Photo Organizer */ = {
			isa = PBXNativeTarget;
			buildConfigurationList = ADCC79331B51904D008DEDCA /* Build configuration list for PBXNativeTarget "Photo Organizer" */;
			buildPhases = (
				ADCC79281B51904D008DEDCA /* Sources */,
				ADCC79291B51904D008DEDCA /* Frameworks */,
				ADCC792A1B51904D008DEDCA /* CopyFiles */,
			);
			buildRules = (
			);
			dependencies = (
			);
			name = "Photo Organizer";
			productName = "Photo Organizer";
			productReference = ADCC792C1B51904D008DEDCA /* Photo Organizer */;
			productType = "com.apple.product-type.tool";
		};
/* End PBXNativeTarget section */

/* Begin PBXProject section */
		ADCC79241B51904D008DEDCA /* Project object */ = {
			isa = PBXProject;
			attributes = {
				LastUpgradeCheck = 0640;
				ORGANIZATIONNAME = "Carter Pape";
				TargetAttributes = {
					ADCC792B1B51904D008DEDCA = {
						CreatedOnToolsVersion = 6.4;
						LastSwiftMigration = 0800;
					};
				};
			};
			buildConfigurationList = ADCC79271B51904D008DEDCA /* Build configuration list for PBXProject "Photo Organizer" */;
			compatibilityVersion = "Xcode 3.2";
			developmentRegion = English;
			hasScannedForEncodings = 0;
			knownRegions = (
				en,
			);
			mainGroup = ADCC79231B51904D008DEDCA;
			productRefGroup = ADCC792D1B51904D008DEDCA /* Products */;
			projectDirPath = "";
			projectRoot = "";
			targets = (
				ADCC792B1B51904D008DEDCA /* Photo Organizer */,
			);
		};
/* End PBXProject section */

/* Begin PBXSourcesBuildPhase section */
		ADCC79281B51904D008DEDCA /* Sources */ = {
			isa = PBXSourcesBuildPhase;
			buildActionMask = 2147483647;
			files = (
				ADCC79301B51904D008DEDCA /* main.swift in Sources */,
				ADF837011B571FD7001257DE /* FileDestination.swift in Sources */,
				ADF836FF1B571F59001257DE /* FileBean.swift in Sources */,
				ADF837031B571FEC001257DE /* FileMover.swift in Sources */,
			);
			runOnlyForDeploymentPostprocessing = 0;
		};
/* End PBXSourcesBuildPhase section */

/* Begin XCBuildConfiguration section */
		ADCC79311B51904D008DEDCA /* Debug */ = {
			isa = XCBuildConfiguration;
			buildSettings = {
				ALWAYS_SEARCH_USER_PATHS = NO;
				CLANG_CXX_LANGUAGE_STANDARD = "gnu++0x";
				CLANG_CXX_LIBRARY = "libc++";
				CLANG_ENABLE_MODULES = YES;
				CLANG_ENABLE_OBJC_ARC = YES;
				CLANG_WARN_BOOL_CONVERSION = YES;
				CLANG_WARN_CONSTANT_CONVERSION = YES;
				CLANG_WARN_DIRECT_OBJC_ISA_USAGE = YES_ERROR;
				CLANG_WARN_EMPTY_BODY = YES;
				CLANG_WARN_ENUM_CONVERSION = YES;
				CLANG_WARN_INT_CONVERSION = YES;
				CLANG_WARN_OBJC_ROOT_CLASS = YES_ERROR;
				CLANG_WARN_UNREACHABLE_CODE = YES;
				CLANG_WARN__DUPLICATE_METHOD_MATCH = YES;
				COPY_PHASE_STRIP = NO;
				DEBUG_INFORMATION_FORMAT = dwarf;
				ENABLE_STRICT_OBJC_MSGSEND = YES;
				GCC_C_LANGUAGE_STANDARD = gnu99;
				GCC_DYNAMIC_NO_PIC = NO;
				GCC_NO_COMMON_BLOCKS = YES;
				GCC_OPTIMIZATION_LEVEL = 0;
				GCC_PREPROCESSOR_DEFINITIONS = (
					"DEBUG=1",
					"$(inherited)",
				);
				GCC_SYMBOLS_PRIVATE_EXTERN = NO;
				GCC_WARN_64_TO_32_BIT_CONVERSION = YES;
				GCC_WARN_ABOUT_RETURN_TYPE = YES_ERROR;
				GCC_WARN_UNDECLARED_SELECTOR = YES;
				GCC_WARN_UNINITIALIZED_AUTOS = YES_AGGRESSIVE;
				GCC_WARN_UNUSED_FUNCTION = YES;
				GCC_WARN_UNUSED_VARIABLE = YES;
				MACOSX_DEPLOYMENT_TARGET = 10.10;
				MTL_ENABLE_DEBUG_INFO = YES;
				ONLY_ACTIVE_ARCH = YES;
				SDKROOT = macosx;
				SWIFT_OPTIMIZATION_LEVEL = "-Onone";
			};
			name = Debug;
		};
		ADCC79321B51904D008DEDCA /* Release */ = {
			isa = XCBuildConfiguration;
			buildSettings = {
				ALWAYS_SEARCH_USER_PATHS = NO;
				CLANG_CXX_LANGUAGE_STANDARD = "gnu++0x";
				CLANG_CXX_LIBRARY = "libc++";
				CLANG_ENABLE_MODULES = YES;
				CLANG_ENABLE_OBJC_ARC = YES;
				CLANG_WARN_BOOL_CONVERSION = YES;
				CLANG_WARN_CONSTANT_CONVERSION = YES;
				CLANG_WARN_DIRECT_OBJC_ISA_USAGE = YES_ERROR;
				CLANG_WARN_EMPTY_BODY = YES;
				CLANG_WARN_ENUM_CONVERSION = YES;
				CLANG_WARN_INT_CONVERSION = YES;
				CLANG_WARN_OBJC_ROOT_CLASS = YES_ERROR;
				CLANG_WARN_UNREACHABLE_CODE = YES;
				CLANG_WARN__DUPLICATE_METHOD_MATCH = YES;
				COPY_PHASE_STRIP = NO;
				DEBUG_INFORMATION_FORMAT = "dwarf-with-dsym";
				ENABLE_NS_ASSERTIONS = NO;
				ENABLE_STRICT_OBJC_MSGSEND = YES;
				GCC_C_LANGUAGE_STANDARD = gnu99;
				GCC_NO_COMMON_BLOCKS = YES;
				GCC_WARN_64_TO_32_BIT_CONVERSION = YES;
				GCC_WARN_ABOUT_RETURN_TYPE = YES_ERROR;
				GCC_WARN_UNDECLARED_SELECTOR = YES;
				GCC_WARN_UNINITIALIZED_AUTOS = YES_AGGRESSIVE;
				GCC_WARN_UNUSED_FUNCTION = YES;
				GCC_WARN_UNUSED_VARIABLE = YES;
				MACOSX_DEPLOYMENT_TARGET = 10.10;
				MTL_ENABLE_DEBUG_INFO = NO;
				SDKROOT = macosx;
			};
			name = Release;
		};
		ADCC79341B51904D008DEDCA /* Debug */ = {
			isa = XCBuildConfiguration;
			buildSettings = {
				PRODUCT_NAME = "$(TARGET_NAME)";
				SWIFT_VERSION = 3.0;
			};
			name = Debug;
		};
		ADCC79351B51904D008DEDCA /* Release */ = {
			isa = XCBuildConfiguration;
			buildSettings = {
				PRODUCT_NAME = "$(TARGET_NAME)";
				SWIFT_VERSION = 3.0;
			};
			name = Release;
		};
/* End XCBuildConfiguration section */

/* Begin XCConfigurationList section */
		ADCC79271B51904D008DEDCA /* Build configuration list for PBXProject "Photo Organizer" */ = {
			isa = XCConfigurationList;
			buildConfigurations = (
				ADCC79311B51904D008DEDCA /* Debug */,
				ADCC79321B51904D008DEDCA /* Release */,
			);
			defaultConfigurationIsVisible = 0;
			defaultConfigurationName = Release;
		};
		ADCC79331B51904D008DEDCA /* Build configuration list for PBXNativeTarget "Photo Organizer" */ = {
			isa = XCConfigurationList;
			buildConfigurations = (
				ADCC79341B51904D008DEDCA /* Debug */,
				ADCC79351B51904D008DEDCA /* Release */,
			);
			defaultConfigurationIsVisible = 0;
			defaultConfigurationName = Release;
		};
/* End XCConfigurationList section */
	};
	rootObject = ADCC79241B51904D008DEDCA /* Project object */;
}
